Microsoft Visual Studio Solution File, Format Version 12.00
# Visual Studio 15
Project("{8BC9CEB8-8B4A-11D0-8D11-00A0C91BC942}") = "ALL_BUILD", "ALL_BUILD.vcxproj", "{F5C5630F-7F97-34BA-8684-76CB589AE8AD}"
	ProjectSection(ProjectDependencies) = postProject
		{5097AC27-CDAD-353B-A4DD-51D43F7EEBE6} = {5097AC27-CDAD-353B-A4DD-51D43F7EEBE6}
		{CB920D06-8F52-333C-9C85-567A31C9ED19} = {CB920D06-8F52-333C-9C85-567A31C9ED19}
		{1C5D3772-5560-3820-8E16-FA8EE50E6CE2} = {1C5D3772-5560-3820-8E16-FA8EE50E6CE2}
		{D360BD10-8C35-3DF3-82D8-1446EFE75EFA} = {D360BD10-8C35-3DF3-82D8-1446EFE75EFA}
	EndProjectSection
EndProject
Project("{8BC9CEB8-8B4A-11D0-8D11-00A0C91BC942}") = "EModLibConsoleApp", "console_app\EModLibConsoleApp.vcxproj", "{5097AC27-CDAD-353B-A4DD-51D43F7EEBE6}"
	ProjectSection(ProjectDependencies) = postProject
		{1C5D3772-5560-3820-8E16-FA8EE50E6CE2} = {1C5D3772-5560-3820-8E16-FA8EE50E6CE2}
		{D360BD10-8C35-3DF3-82D8-1446EFE75EFA} = {D360BD10-8C35-3DF3-82D8-1446EFE75EFA}
	EndProjectSection
EndProject
Project("{8BC9CEB8-8B4A-11D0-8D11-00A0C91BC942}") = "EModLibTest", "test\EModLibTest.vcxproj", "{CB920D06-8F52-333C-9C85-567A31C9ED19}"
	ProjectSection(ProjectDependencies) = postProject
		{1C5D3772-5560-3820-8E16-FA8EE50E6CE2} = {1C5D3772-5560-3820-8E16-FA8EE50E6CE2}
		{230FC5A0-DAC7-397D-9895-DFDBED0F0E14} = {230FC5A0-DAC7-397D-9895-DFDBED0F0E14}
		{D360BD10-8C35-3DF3-82D8-1446EFE75EFA} = {D360BD10-8C35-3DF3-82D8-1446EFE75EFA}
	EndProjectSection
EndProject
Project("{8BC9CEB8-8B4A-11D0-8D11-00A0C91BC942}") = "RUN_TESTS", "RUN_TESTS.vcxproj", "{A0A035CD-C2D3-38AD-8746-BF61E949EB0D}"
	ProjectSection(ProjectDependencies) = postProject
		{1C5D3772-5560-3820-8E16-FA8EE50E6CE2} = {1C5D3772-5560-3820-8E16-FA8EE50E6CE2}
	EndProjectSection
EndProject
Project("{8BC9CEB8-8B4A-11D0-8D11-00A0C91BC942}") = "ZERO_CHECK", "ZERO_CHECK.vcxproj", "{1C5D3772-5560-3820-8E16-FA8EE50E6CE2}"
	ProjectSection(ProjectDependencies) = postProject
	EndProjectSection
EndProject
Project("{8BC9CEB8-8B4A-11D0-8D11-00A0C91BC942}") = "googletest", "test\googletest.vcxproj", "{230FC5A0-DAC7-397D-9895-DFDBED0F0E14}"
	ProjectSection(ProjectDependencies) = postProject
		{1C5D3772-5560-3820-8E16-FA8EE50E6CE2} = {1C5D3772-5560-3820-8E16-FA8EE50E6CE2}
	EndProjectSection
EndProject
Project("{8BC9CEB8-8B4A-11D0-8D11-00A0C91BC942}") = "libEModLib", "libEModLib.vcxproj", "{D360BD10-8C35-3DF3-82D8-1446EFE75EFA}"
	ProjectSection(ProjectDependencies) = postProject
		{1C5D3772-5560-3820-8E16-FA8EE50E6CE2} = {1C5D3772-5560-3820-8E16-FA8EE50E6CE2}
	EndProjectSection
EndProject
Global
	GlobalSection(SolutionConfigurationPlatforms) = preSolution
		Debug|Win32 = Debug|Win32
		Release|Win32 = Release|Win32
		MinSizeRel|Win32 = MinSizeRel|Win32
		RelWithDebInfo|Win32 = RelWithDebInfo|Win32
	EndGlobalSection
	GlobalSection(ProjectConfigurationPlatforms) = postSolution
		{F5C5630F-7F97-34BA-8684-76CB589AE8AD}.Debug|Win32.ActiveCfg = Debug|Win32
		{F5C5630F-7F97-34BA-8684-76CB589AE8AD}.Release|Win32.ActiveCfg = Release|Win32
		{F5C5630F-7F97-34BA-8684-76CB589AE8AD}.MinSizeRel|Win32.ActiveCfg = MinSizeRel|Win32
		{F5C5630F-7F97-34BA-8684-76CB589AE8AD}.RelWithDebInfo|Win32.ActiveCfg = RelWithDebInfo|Win32
		{5097AC27-CDAD-353B-A4DD-51D43F7EEBE6}.Debug|Win32.ActiveCfg = Debug|Win32
		{5097AC27-CDAD-353B-A4DD-51D43F7EEBE6}.Debug|Win32.Build.0 = Debug|Win32
		{5097AC27-CDAD-353B-A4DD-51D43F7EEBE6}.Release|Win32.ActiveCfg = Release|Win32
		{5097AC27-CDAD-353B-A4DD-51D43F7EEBE6}.Release|Win32.Build.0 = Release|Win32
		{5097AC27-CDAD-353B-A4DD-51D43F7EEBE6}.MinSizeRel|Win32.ActiveCfg = MinSizeRel|Win32
		{5097AC27-CDAD-353B-A4DD-51D43F7EEBE6}.MinSizeRel|Win32.Build.0 = MinSizeRel|Win32
		{5097AC27-CDAD-353B-A4DD-51D43F7EEBE6}.RelWithDebInfo|Win32.ActiveCfg = RelWithDebInfo|Win32
		{5097AC27-CDAD-353B-A4DD-51D43F7EEBE6}.RelWithDebInfo|Win32.Build.0 = RelWithDebInfo|Win32
		{CB920D06-8F52-333C-9C85-567A31C9ED19}.Debug|Win32.ActiveCfg = Debug|Win32
		{CB920D06-8F52-333C-9C85-567A31C9ED19}.Debug|Win32.Build.0 = Debug|Win32
		{CB920D06-8F52-333C-9C85-567A31C9ED19}.Release|Win32.ActiveCfg = Release|Win32
		{CB920D06-8F52-333C-9C85-567A31C9ED19}.Release|Win32.Build.0 = Release|Win32
		{CB920D06-8F52-333C-9C85-567A31C9ED19}.MinSizeRel|Win32.ActiveCfg = MinSizeRel|Win32
		{CB920D06-8F52-333C-9C85-567A31C9ED19}.MinSizeRel|Win32.Build.0 = MinSizeRel|Win32
		{CB920D06-8F52-333C-9C85-567A31C9ED19}.RelWithDebInfo|Win32.ActiveCfg = RelWithDebInfo|Win32
		{CB920D06-8F52-333C-9C85-567A31C9ED19}.RelWithDebInfo|Win32.Build.0 = RelWithDebInfo|Win32
		{A0A035CD-C2D3-38AD-8746-BF61E949EB0D}.Debug|Win32.ActiveCfg = Debug|Win32
		{A0A035CD-C2D3-38AD-8746-BF61E949EB0D}.Release|Win32.ActiveCfg = Release|Win32
		{A0A035CD-C2D3-38AD-8746-BF61E949EB0D}.MinSizeRel|Win32.ActiveCfg = MinSizeRel|Win32
		{A0A035CD-C2D3-38AD-8746-BF61E949EB0D}.RelWithDebInfo|Win32.ActiveCfg = RelWithDebInfo|Win32
		{1C5D3772-5560-3820-8E16-FA8EE50E6CE2}.Debug|Win32.ActiveCfg = Debug|Win32
		{1C5D3772-5560-3820-8E16-FA8EE50E6CE2}.Debug|Win32.Build.0 = Debug|Win32
		{1C5D3772-5560-3820-8E16-FA8EE50E6CE2}.Release|Win32.ActiveCfg = Release|Win32
		{1C5D3772-5560-3820-8E16-FA8EE50E6CE2}.Release|Win32.Build.0 = Release|Win32
		{1C5D3772-5560-3820-8E16-FA8EE50E6CE2}.MinSizeRel|Win32.ActiveCfg = MinSizeRel|Win32
		{1C5D3772-5560-3820-8E16-FA8EE50E6CE2}.MinSizeRel|Win32.Build.0 = MinSizeRel|Win32
		{1C5D3772-5560-3820-8E16-FA8EE50E6CE2}.RelWithDebInfo|Win32.ActiveCfg = RelWithDebInfo|Win32
		{1C5D3772-5560-3820-8E16-FA8EE50E6CE2}.RelWithDebInfo|Win32.Build.0 = RelWithDebInfo|Win32
		{230FC5A0-DAC7-397D-9895-DFDBED0F0E14}.Debug|Win32.ActiveCfg = Debug|Win32
		{230FC5A0-DAC7-397D-9895-DFDBED0F0E14}.Debug|Win32.Build.0 = Debug|Win32
		{230FC5A0-DAC7-397D-9895-DFDBED0F0E14}.Release|Win32.ActiveCfg = Release|Win32
		{230FC5A0-DAC7-397D-9895-DFDBED0F0E14}.Release|Win32.Build.0 = Release|Win32
		{230FC5A0-DAC7-397D-9895-DFDBED0F0E14}.MinSizeRel|Win32.ActiveCfg = MinSizeRel|Win32
		{230FC5A0-DAC7-397D-9895-DFDBED0F0E14}.MinSizeRel|Win32.Build.0 = MinSizeRel|Win32
		{230FC5A0-DAC7-397D-9895-DFDBED0F0E14}.RelWithDebInfo|Win32.ActiveCfg = RelWithDebInfo|Win32
		{230FC5A0-DAC7-397D-9895-DFDBED0F0E14}.RelWithDebInfo|Win32.Build.0 = RelWithDebInfo|Win32
		{D360BD10-8C35-3DF3-82D8-1446EFE75EFA}.Debug|Win32.ActiveCfg = Debug|Win32
		{D360BD10-8C35-3DF3-82D8-1446EFE75EFA}.Debug|Win32.Build.0 = Debug|Win32
		{D360BD10-8C35-3DF3-82D8-1446EFE75EFA}.Release|Win32.ActiveCfg = Release|Win32
		{D360BD10-8C35-3DF3-82D8-1446EFE75EFA}.Release|Win32.Build.0 = Release|Win32
		{D360BD10-8C35-3DF3-82D8-1446EFE75EFA}.MinSizeRel|Win32.ActiveCfg = MinSizeRel|Win32
		{D360BD10-8C35-3DF3-82D8-1446EFE75EFA}.MinSizeRel|Win32.Build.0 = MinSizeRel|Win32
		{D360BD10-8C35-3DF3-82D8-1446EFE75EFA}.RelWithDebInfo|Win32.ActiveCfg = RelWithDebInfo|Win32
		{D360BD10-8C35-3DF3-82D8-1446EFE75EFA}.RelWithDebInfo|Win32.Build.0 = RelWithDebInfo|Win32
	EndGlobalSection
	GlobalSection(ExtensibilityGlobals) = postSolution
		SolutionGuid = {A55BBF5F-A5F1-3D8A-BD5E-1B5B81417EA6}
	EndGlobalSection
	GlobalSection(ExtensibilityAddIns) = postSolution
	EndGlobalSection
EndGlobal
