<?xml version="1.0" encoding="utf-8"?>
<Project ToolsVersion="15.0" xmlns="http://schemas.microsoft.com/developer/msbuild/2003">
  <ItemGroup>
    <CustomBuild Include="C:\Users\Petar Jercic\Development\EModLib\build_win\CMakeFiles\7bb9b90a804fb82263743ba3b3c5770b\RUN_TESTS_force.rule">
      <Filter>CMake Rules</Filter>
    </CustomBuild>
  </ItemGroup>
  <ItemGroup>
    <Filter Include="CMake Rules">
      <UniqueIdentifier>{65EA2922-9B84-3A7C-93F4-250B3EC116B5}</UniqueIdentifier>
    </Filter>
  </ItemGroup>
</Project>
